
Microsoft Visual Studio Solution File, Format Version 12.00
# Visual Studio 15
VisualStudioVersion = 15.0.28307.168
MinimumVisualStudioVersion = 10.0.40219.1
Project("{888888A0-9F3D-457C-B088-3A5042F75D52}") = "Process Control", "Process Control.pyproj", "{099F4E7E-8F1F-4B3D-9B54-1E964989AD23}"
EndProject
Global
	GlobalSection(SolutionConfigurationPlatforms) = preSolution
		Debug|Any CPU = Debug|Any CPU
		Release|Any CPU = Release|Any CPU
	EndGlobalSection
	GlobalSection(ProjectConfigurationPlatforms) = postSolution
		{099F4E7E-8F1F-4B3D-9B54-1E964989AD23}.Debug|Any CPU.ActiveCfg = Debug|Any CPU
		{099F4E7E-8F1F-4B3D-9B54-1E964989AD23}.Release|Any CPU.ActiveCfg = Release|Any CPU
	EndGlobalSection
	GlobalSection(SolutionProperties) = preSolution
		HideSolutionNode = FALSE
	EndGlobalSection
	GlobalSection(ExtensibilityGlobals) = postSolution
		SolutionGuid = {A57475A7-076C-48B9-9C88-CFAF0C0C4A03}
	EndGlobalSection
EndGlobal
